
Microsoft Visual Studio Solution File, Format Version 12.00
# Visual Studio Version 17
VisualStudioVersion = 17.5.33424.131
MinimumVisualStudioVersion = 10.0.40219.1
Project("{FAE04EC0-301F-11D3-BF4B-00C04F79EFBC}") = "BuracoNasLetras", "BuracoNasLetras\BuracoNasLetras.csproj", "{5E286DCD-E968-4645-9554-1B64CDFD496D}"
EndProject
Global
	GlobalSection(SolutionConfigurationPlatforms) = preSolution
		Debug|Any CPU = Debug|Any CPU
		Release|Any CPU = Release|Any CPU
	EndGlobalSection
	GlobalSection(ProjectConfigurationPlatforms) = postSolution
		{5E286DCD-E968-4645-9554-1B64CDFD496D}.Debug|Any CPU.ActiveCfg = Debug|Any CPU
		{5E286DCD-E968-4645-9554-1B64CDFD496D}.Debug|Any CPU.Build.0 = Debug|Any CPU
		{5E286DCD-E968-4645-9554-1B64CDFD496D}.Release|Any CPU.ActiveCfg = Release|Any CPU
		{5E286DCD-E968-4645-9554-1B64CDFD496D}.Release|Any CPU.Build.0 = Release|Any CPU
	EndGlobalSection
	GlobalSection(SolutionProperties) = preSolution
		HideSolutionNode = FALSE
	EndGlobalSection
	GlobalSection(ExtensibilityGlobals) = postSolution
		SolutionGuid = {9049904D-E7E5-40A3-BC68-C1F5C325DFB0}
	EndGlobalSection
EndGlobal
